
Microsoft Visual Studio Solution File, Format Version 12.00
# Visual Studio 15
VisualStudioVersion = 15.0.28010.2003
MinimumVisualStudioVersion = 10.0.40219.1
Project("{FAE04EC0-301F-11D3-BF4B-00C04F79EFBC}") = "Sushida", "Sushida\Sushida.csproj", "{53127130-BAE6-4C8E-AA87-58E4B4BDBEA8}"
EndProject
Global
	GlobalSection(SolutionConfigurationPlatforms) = preSolution
		Debug|Any CPU = Debug|Any CPU
		Release|Any CPU = Release|Any CPU
	EndGlobalSection
	GlobalSection(ProjectConfigurationPlatforms) = postSolution
		{53127130-BAE6-4C8E-AA87-58E4B4BDBEA8}.Debug|Any CPU.ActiveCfg = Debug|Any CPU
		{53127130-BAE6-4C8E-AA87-58E4B4BDBEA8}.Debug|Any CPU.Build.0 = Debug|Any CPU
		{53127130-BAE6-4C8E-AA87-58E4B4BDBEA8}.Release|Any CPU.ActiveCfg = Release|Any CPU
		{53127130-BAE6-4C8E-AA87-58E4B4BDBEA8}.Release|Any CPU.Build.0 = Release|Any CPU
	EndGlobalSection
	GlobalSection(SolutionProperties) = preSolution
		HideSolutionNode = FALSE
	EndGlobalSection
	GlobalSection(ExtensibilityGlobals) = postSolution
		SolutionGuid = {95A0C6D8-3038-4C13-A7DB-3BB522A1E327}
	EndGlobalSection
EndGlobal
